
Microsoft Visual Studio Solution File, Format Version 12.00
# Visual Studio Version 17
VisualStudioVersion = 17.3.32825.248
MinimumVisualStudioVersion = 10.0.40219.1
Project("{FAE04EC0-301F-11D3-BF4B-00C04F79EFBC}") = "CoinCounter", "CoinCounter\CoinCounter.csproj", "{2423D0F1-ABFD-4DD3-B0AB-36B5D2F0A5B2}"
EndProject
Global
	GlobalSection(SolutionConfigurationPlatforms) = preSolution
		Debug|Any CPU = Debug|Any CPU
		Release|Any CPU = Release|Any CPU
	EndGlobalSection
	GlobalSection(ProjectConfigurationPlatforms) = postSolution
		{2423D0F1-ABFD-4DD3-B0AB-36B5D2F0A5B2}.Debug|Any CPU.ActiveCfg = Debug|Any CPU
		{2423D0F1-ABFD-4DD3-B0AB-36B5D2F0A5B2}.Debug|Any CPU.Build.0 = Debug|Any CPU
		{2423D0F1-ABFD-4DD3-B0AB-36B5D2F0A5B2}.Release|Any CPU.ActiveCfg = Release|Any CPU
		{2423D0F1-ABFD-4DD3-B0AB-36B5D2F0A5B2}.Release|Any CPU.Build.0 = Release|Any CPU
	EndGlobalSection
	GlobalSection(SolutionProperties) = preSolution
		HideSolutionNode = FALSE
	EndGlobalSection
	GlobalSection(ExtensibilityGlobals) = postSolution
		SolutionGuid = {E3A770D8-D97D-42C0-827A-9E77F319C03D}
	EndGlobalSection
EndGlobal
